// !$*UTF8*$!
{
	archiveVersion = 1;
	classes = {
	};
	objectVersion = 50;
	objects = {

/* Begin PBXBuildFile section */
		7430FDA7265606BB00F9552D /* AppDelegate.swift in Sources */ = {isa = PBXBuildFile; fileRef = 7430FDA6265606BB00F9552D /* AppDelegate.swift */; };
		7430FDA9265606BB00F9552D /* SceneDelegate.swift in Sources */ = {isa = PBXBuildFile; fileRef = 7430FDA8265606BB00F9552D /* SceneDelegate.swift */; };
		7430FDAB265606BB00F9552D /* ViewController.swift in Sources */ = {isa = PBXBuildFile; fileRef = 7430FDAA265606BB00F9552D /* ViewController.swift */; };
		7430FDAE265606BB00F9552D /* Main.storyboard in Resources */ = {isa = PBXBuildFile; fileRef = 7430FDAC265606BB00F9552D /* Main.storyboard */; };
		7430FDB0265606BC00F9552D /* Assets.xcassets in Resources */ = {isa = PBXBuildFile; fileRef = 7430FDAF265606BC00F9552D /* Assets.xcassets */; };
		7430FDB3265606BC00F9552D /* LaunchScreen.storyboard in Resources */ = {isa = PBXBuildFile; fileRef = 7430FDB1265606BC00F9552D /* LaunchScreen.storyboard */; };
		7430FDBC26560E5200F9552D /* AddController.swift in Sources */ = {isa = PBXBuildFile; fileRef = 7430FDBB26560E5200F9552D /* AddController.swift */; };
/* End PBXBuildFile section */

/* Begin PBXFileReference section */
		7430FDA3265606BB00F9552D /* SinTodoPractice.app */ = {isa = PBXFileReference; explicitFileType = wrapper.application; includeInIndex = 0; path = SinTodoPractice.app; sourceTree = BUILT_PRODUCTS_DIR; };
		7430FDA6265606BB00F9552D /* AppDelegate.swift */ = {isa = PBXFileReference; lastKnownFileType = sourcecode.swift; path = AppDelegate.swift; sourceTree = "<group>"; };
		7430FDA8265606BB00F9552D /* SceneDelegate.swift */ = {isa = PBXFileReference; lastKnownFileType = sourcecode.swift; path = SceneDelegate.swift; sourceTree = "<group>"; };
		7430FDAA265606BB00F9552D /* ViewController.swift */ = {isa = PBXFileReference; lastKnownFileType = sourcecode.swift; path = ViewController.swift; sourceTree = "<group>"; };
		7430FDAD265606BB00F9552D /* Base */ = {isa = PBXFileReference; lastKnownFileType = file.storyboard; name = Base; path = Base.lproj/Main.storyboard; sourceTree = "<group>"; };
		7430FDAF265606BC00F9552D /* Assets.xcassets */ = {isa = PBXFileReference; lastKnownFileType = folder.assetcatalog; path = Assets.xcassets; sourceTree = "<group>"; };
		7430FDB2265606BC00F9552D /* Base */ = {isa = PBXFileReference; lastKnownFileType = file.storyboard; name = Base; path = Base.lproj/LaunchScreen.storyboard; sourceTree = "<group>"; };
		7430FDB4265606BC00F9552D /* Info.plist */ = {isa = PBXFileReference; lastKnownFileType = text.plist.xml; path = Info.plist; sourceTree = "<group>"; };
		7430FDBB26560E5200F9552D /* AddController.swift */ = {isa = PBXFileReference; lastKnownFileType = sourcecode.swift; path = AddController.swift; sourceTree = "<group>"; };
/* End PBXFileReference section */

/* Begin PBXFrameworksBuildPhase section */
		7430FDA0265606BB00F9552D /* Frameworks */ = {
			isa = PBXFrameworksBuildPhase;
			buildActionMask = 2147483647;
			files = (
			);
			runOnlyForDeploymentPostprocessing = 0;
		};
/* End PBXFrameworksBuildPhase section */

/* Begin PBXGroup section */
		7430FD9A265606BB00F9552D = {
			isa = PBXGroup;
			children = (
				7430FDA5265606BB00F9552D /* SinTodoPractice */,
				7430FDA4265606BB00F9552D /* Products */,
			);
			sourceTree = "<group>";
		};
		7430FDA4265606BB00F9552D /* Products */ = {
			isa = PBXGroup;
			children = (
				7430FDA3265606BB00F9552D /* SinTodoPractice.app */,
			);
			name = Products;
			sourceTree = "<group>";
		};
		7430FDA5265606BB00F9552D /* SinTodoPractice */ = {
			isa = PBXGroup;
			children = (
				7430FDA6265606BB00F9552D /* AppDelegate.swift */,
				7430FDA8265606BB00F9552D /* SceneDelegate.swift */,
				7430FDAA265606BB00F9552D /* ViewController.swift */,
				7430FDAC265606BB00F9552D /* Main.storyboard */,
				7430FDBB26560E5200F9552D /* AddController.swift */,
				7430FDAF265606BC00F9552D /* Assets.xcassets */,
				7430FDB1265606BC00F9552D /* LaunchScreen.storyboard */,
				7430FDB4265606BC00F9552D /* Info.plist */,
			);
			path = SinTodoPractice;
			sourceTree = "<group>";
		};
/* End PBXGroup section */

/* Begin PBXNativeTarget section */
		7430FDA2265606BB00F9552D /* SinTodoPractice */ = {
			isa = PBXNativeTarget;
			buildConfigurationList = 7430FDB7265606BC00F9552D /* Build configuration list for PBXNativeTarget "SinTodoPractice" */;
			buildPhases = (
				7430FD9F265606BB00F9552D /* Sources */,
				7430FDA0265606BB00F9552D /* Frameworks */,
				7430FDA1265606BB00F9552D /* Resources */,
			);
			buildRules = (
			);
			dependencies = (
			);
			name = SinTodoPractice;
			productName = SinTodoPractice;
			productReference = 7430FDA3265606BB00F9552D /* SinTodoPractice.app */;
			productType = "com.apple.product-type.application";
		};
/* End PBXNativeTarget section */

/* Begin PBXProject section */
		7430FD9B265606BB00F9552D /* Project object */ = {
			isa = PBXProject;
			attributes = {
				LastSwiftUpdateCheck = 1230;
				LastUpgradeCheck = 1230;
				TargetAttributes = {
					7430FDA2265606BB00F9552D = {
						CreatedOnToolsVersion = 12.3;
					};
				};
			};
			buildConfigurationList = 7430FD9E265606BB00F9552D /* Build configuration list for PBXProject "SinTodoPractice" */;
			compatibilityVersion = "Xcode 9.3";
			developmentRegion = en;
			hasScannedForEncodings = 0;
			knownRegions = (
				en,
				Base,
			);
			mainGroup = 7430FD9A265606BB00F9552D;
			productRefGroup = 7430FDA4265606BB00F9552D /* Products */;
			projectDirPath = "";
			projectRoot = "";
			targets = (
				7430FDA2265606BB00F9552D /* SinTodoPractice */,
			);
		};
/* End PBXProject section */

/* Begin PBXResourcesBuildPhase section */
		7430FDA1265606BB00F9552D /* Resources */ = {
			isa = PBXResourcesBuildPhase;
			buildActionMask = 2147483647;
			files = (
				7430FDB3265606BC00F9552D /* LaunchScreen.storyboard in Resources */,
				7430FDB0265606BC00F9552D /* Assets.xcassets in Resources */,
				7430FDAE265606BB00F9552D /* Main.storyboard in Resources */,
			);
			runOnlyForDeploymentPostprocessing = 0;
		};
/* End PBXResourcesBuildPhase section */

/* Begin PBXSourcesBuildPhase section */
		7430FD9F265606BB00F9552D /* Sources */ = {
			isa = PBXSourcesBuildPhase;
			buildActionMask = 2147483647;
			files = (
				7430FDAB265606BB00F9552D /* ViewController.swift in Sources */,
				7430FDA7265606BB00F9552D /* AppDelegate.swift in Sources */,
				7430FDA9265606BB00F9552D /* SceneDelegate.swift in Sources */,
				7430FDBC26560E5200F9552D /* AddController.swift in Sources */,
			);
			runOnlyForDeploymentPostprocessing = 0;
		};
/* End PBXSourcesBuildPhase section */

/* Begin PBXVariantGroup section */
		7430FDAC265606BB00F9552D /* Main.storyboard */ = {
			isa = PBXVariantGroup;
			children = (
				7430FDAD265606BB00F9552D /* Base */,
			);
			name = Main.storyboard;
			sourceTree = "<group>";
		};
		7430FDB1265606BC00F9552D /* LaunchScreen.storyboard */ = {
			isa = PBXVariantGroup;
			children = (
				7430FDB2265606BC00F9552D /* Base */,
			);
			name = LaunchScreen.storyboard;
			sourceTree = "<group>";
		};
/* End PBXVariantGroup section */

/* Begin XCBuildConfiguration section */
		7430FDB5265606BC00F9552D /* Debug */ = {
			isa = XCBuildConfiguration;
			buildSettings = {
				ALWAYS_SEARCH_USER_PATHS = NO;
				CLANG_ANALYZER_NONNULL = YES;
				CLANG_ANALYZER_NUMBER_OBJECT_CONVERSION = YES_AGGRESSIVE;
				CLANG_CXX_LANGUAGE_STANDARD = "gnu++14";
				CLANG_CXX_LIBRARY = "libc++";
				CLANG_ENABLE_MODULES = YES;
				CLANG_ENABLE_OBJC_ARC = YES;
				CLANG_ENABLE_OBJC_WEAK = YES;
				CLANG_WARN_BLOCK_CAPTURE_AUTORELEASING = YES;
				CLANG_WARN_BOOL_CONVERSION = YES;
				CLANG_WARN_COMMA = YES;
				CLANG_WARN_CONSTANT_CONVERSION = YES;
				CLANG_WARN_DEPRECATED_OBJC_IMPLEMENTATIONS = YES;
				CLANG_WARN_DIRECT_OBJC_ISA_USAGE = YES_ERROR;
				CLANG_WARN_DOCUMENTATION_COMMENTS = YES;
				CLANG_WARN_EMPTY_BODY = YES;
				CLANG_WARN_ENUM_CONVERSION = YES;
				CLANG_WARN_INFINITE_RECURSION = YES;
				CLANG_WARN_INT_CONVERSION = YES;
				CLANG_WARN_NON_LITERAL_NULL_CONVERSION = YES;
				CLANG_WARN_OBJC_IMPLICIT_RETAIN_SELF = YES;
				CLANG_WARN_OBJC_LITERAL_CONVERSION = YES;
				CLANG_WARN_OBJC_ROOT_CLASS = YES_ERROR;
				CLANG_WARN_QUOTED_INCLUDE_IN_FRAMEWORK_HEADER = YES;
				CLANG_WARN_RANGE_LOOP_ANALYSIS = YES;
				CLANG_WARN_STRICT_PROTOTYPES = YES;
				CLANG_WARN_SUSPICIOUS_MOVE = YES;
				CLANG_WARN_UNGUARDED_AVAILABILITY = YES_AGGRESSIVE;
				CLANG_WARN_UNREACHABLE_CODE = YES;
				CLANG_WARN__DUPLICATE_METHOD_MATCH = YES;
				COPY_PHASE_STRIP = NO;
				DEBUG_INFORMATION_FORMAT = dwarf;
				ENABLE_STRICT_OBJC_MSGSEND = YES;
				ENABLE_TESTABILITY = YES;
				GCC_C_LANGUAGE_STANDARD = gnu11;
				GCC_DYNAMIC_NO_PIC = NO;
				GCC_NO_COMMON_BLOCKS = YES;
				GCC_OPTIMIZATION_LEVEL = 0;
				GCC_PREPROCESSOR_DEFINITIONS = (
					"DEBUG=1",
					"$(inherited)",
				);
				GCC_WARN_64_TO_32_BIT_CONVERSION = YES;
				GCC_WARN_ABOUT_RETURN_TYPE = YES_ERROR;
				GCC_WARN_UNDECLARED_SELECTOR = YES;
				GCC_WARN_UNINITIALIZED_AUTOS = YES_AGGRESSIVE;
				GCC_WARN_UNUSED_FUNCTION = YES;
				GCC_WARN_UNUSED_VARIABLE = YES;
				IPHONEOS_DEPLOYMENT_TARGET = 14.3;
				MTL_ENABLE_DEBUG_INFO = INCLUDE_SOURCE;
				MTL_FAST_MATH = YES;
				ONLY_ACTIVE_ARCH = YES;
				SDKROOT = iphoneos;
				SWIFT_ACTIVE_COMPILATION_CONDITIONS = DEBUG;
				SWIFT_OPTIMIZATION_LEVEL = "-Onone";
			};
			name = Debug;
		};
		7430FDB6265606BC00F9552D /* Release */ = {
			isa = XCBuildConfiguration;
			buildSettings = {
				ALWAYS_SEARCH_USER_PATHS = NO;
				CLANG_ANALYZER_NONNULL = YES;
				CLANG_ANALYZER_NUMBER_OBJECT_CONVERSION = YES_AGGRESSIVE;
				CLANG_CXX_LANGUAGE_STANDARD = "gnu++14";
				CLANG_CXX_LIBRARY = "libc++";
				CLANG_ENABLE_MODULES = YES;
				CLANG_ENABLE_OBJC_ARC = YES;
				CLANG_ENABLE_OBJC_WEAK = YES;
				CLANG_WARN_BLOCK_CAPTURE_AUTORELEASING = YES;
				CLANG_WARN_BOOL_CONVERSION = YES;
				CLANG_WARN_COMMA = YES;
				CLANG_WARN_CONSTANT_CONVERSION = YES;
				CLANG_WARN_DEPRECATED_OBJC_IMPLEMENTATIONS = YES;
				CLANG_WARN_DIRECT_OBJC_ISA_USAGE = YES_ERROR;
				CLANG_WARN_DOCUMENTATION_COMMENTS = YES;
				CLANG_WARN_EMPTY_BODY = YES;
				CLANG_WARN_ENUM_CONVERSION = YES;
				CLANG_WARN_INFINITE_RECURSION = YES;
				CLANG_WARN_INT_CONVERSION = YES;
				CLANG_WARN_NON_LITERAL_NULL_CONVERSION = YES;
				CLANG_WARN_OBJC_IMPLICIT_RETAIN_SELF = YES;
				CLANG_WARN_OBJC_LITERAL_CONVERSION = YES;
				CLANG_WARN_OBJC_ROOT_CLASS = YES_ERROR;
				CLANG_WARN_QUOTED_INCLUDE_IN_FRAMEWORK_HEADER = YES;
				CLANG_WARN_RANGE_LOOP_ANALYSIS = YES;
				CLANG_WARN_STRICT_PROTOTYPES = YES;
				CLANG_WARN_SUSPICIOUS_MOVE = YES;
				CLANG_WARN_UNGUARDED_AVAILABILITY = YES_AGGRESSIVE;
				CLANG_WARN_UNREACHABLE_CODE = YES;
				CLANG_WARN__DUPLICATE_METHOD_MATCH = YES;
				COPY_PHASE_STRIP = NO;
				DEBUG_INFORMATION_FORMAT = "dwarf-with-dsym";
				ENABLE_NS_ASSERTIONS = NO;
				ENABLE_STRICT_OBJC_MSGSEND = YES;
				GCC_C_LANGUAGE_STANDARD = gnu11;
				GCC_NO_COMMON_BLOCKS = YES;
				GCC_WARN_64_TO_32_BIT_CONVERSION = YES;
				GCC_WARN_ABOUT_RETURN_TYPE = YES_ERROR;
				GCC_WARN_UNDECLARED_SELECTOR = YES;
				GCC_WARN_UNINITIALIZED_AUTOS = YES_AGGRESSIVE;
				GCC_WARN_UNUSED_FUNCTION = YES;
				GCC_WARN_UNUSED_VARIABLE = YES;
				IPHONEOS_DEPLOYMENT_TARGET = 14.3;
				MTL_ENABLE_DEBUG_INFO = NO;
				MTL_FAST_MATH = YES;
				SDKROOT = iphoneos;
				SWIFT_COMPILATION_MODE = wholemodule;
				SWIFT_OPTIMIZATION_LEVEL = "-O";
				VALIDATE_PRODUCT = YES;
			};
			name = Release;
		};
		7430FDB8265606BC00F9552D /* Debug */ = {
			isa = XCBuildConfiguration;
			buildSettings = {
				ASSETCATALOG_COMPILER_APPICON_NAME = AppIcon;
				ASSETCATALOG_COMPILER_GLOBAL_ACCENT_COLOR_NAME = AccentColor;
				CODE_SIGN_STYLE = Automatic;
				DEVELOPMENT_TEAM = RA6FWYD7R2;
				INFOPLIST_FILE = SinTodoPractice/Info.plist;
				LD_RUNPATH_SEARCH_PATHS = (
					"$(inherited)",
					"@executable_path/Frameworks",
				);
				PRODUCT_BUNDLE_IDENTIFIER = net.SasayamaDaichi.SinTodoPractice;
				PRODUCT_NAME = "$(TARGET_NAME)";
				SWIFT_VERSION = 5.0;
				TARGETED_DEVICE_FAMILY = "1,2";
			};
			name = Debug;
		};
		7430FDB9265606BC00F9552D /* Release */ = {
			isa = XCBuildConfiguration;
			buildSettings = {
				ASSETCATALOG_COMPILER_APPICON_NAME = AppIcon;
				ASSETCATALOG_COMPILER_GLOBAL_ACCENT_COLOR_NAME = AccentColor;
				CODE_SIGN_STYLE = Automatic;
				DEVELOPMENT_TEAM = RA6FWYD7R2;
				INFOPLIST_FILE = SinTodoPractice/Info.plist;
				LD_RUNPATH_SEARCH_PATHS = (
					"$(inherited)",
					"@executable_path/Frameworks",
				);
				PRODUCT_BUNDLE_IDENTIFIER = net.SasayamaDaichi.SinTodoPractice;
				PRODUCT_NAME = "$(TARGET_NAME)";
				SWIFT_VERSION = 5.0;
				TARGETED_DEVICE_FAMILY = "1,2";
			};
			name = Release;
		};
/* End XCBuildConfiguration section */

/* Begin XCConfigurationList section */
		7430FD9E265606BB00F9552D /* Build configuration list for PBXProject "SinTodoPractice" */ = {
			isa = XCConfigurationList;
			buildConfigurations = (
				7430FDB5265606BC00F9552D /* Debug */,
				7430FDB6265606BC00F9552D /* Release */,
			);
			defaultConfigurationIsVisible = 0;
			defaultConfigurationName = Release;
		};
		7430FDB7265606BC00F9552D /* Build configuration list for PBXNativeTarget "SinTodoPractice" */ = {
			isa = XCConfigurationList;
			buildConfigurations = (
				7430FDB8265606BC00F9552D /* Debug */,
				7430FDB9265606BC00F9552D /* Release */,
			);
			defaultConfigurationIsVisible = 0;
			defaultConfigurationName = Release;
		};
/* End XCConfigurationList section */
	};
	rootObject = 7430FD9B265606BB00F9552D /* Project object */;
}
